
Microsoft Visual Studio Solution File, Format Version 12.00
# Visual Studio 2013
VisualStudioVersion = 12.0.31101.0
MinimumVisualStudioVersion = 10.0.40219.1
Project("{FAE04EC0-301F-11D3-BF4B-00C04F79EFBC}") = "FrequencyAnalysis", "FrequencyAnalysis\FrequencyAnalysis.csproj", "{6799394E-2AE6-45BF-A73C-BD5FC7187E88}"
EndProject
Project("{FAE04EC0-301F-11D3-BF4B-00C04F79EFBC}") = "UnitTestFrequencyAnalysis", "UnitTestFrequencyAnalysis\UnitTestFrequencyAnalysis.csproj", "{3E43DD99-794D-4B9B-B613-B8E9EF961B1E}"
EndProject
Global
	GlobalSection(SolutionConfigurationPlatforms) = preSolution
		Debug|Any CPU = Debug|Any CPU
		Release|Any CPU = Release|Any CPU
	EndGlobalSection
	GlobalSection(ProjectConfigurationPlatforms) = postSolution
		{6799394E-2AE6-45BF-A73C-BD5FC7187E88}.Debug|Any CPU.ActiveCfg = Debug|Any CPU
		{6799394E-2AE6-45BF-A73C-BD5FC7187E88}.Debug|Any CPU.Build.0 = Debug|Any CPU
		{6799394E-2AE6-45BF-A73C-BD5FC7187E88}.Release|Any CPU.ActiveCfg = Release|Any CPU
		{6799394E-2AE6-45BF-A73C-BD5FC7187E88}.Release|Any CPU.Build.0 = Release|Any CPU
		{3E43DD99-794D-4B9B-B613-B8E9EF961B1E}.Debug|Any CPU.ActiveCfg = Debug|Any CPU
		{3E43DD99-794D-4B9B-B613-B8E9EF961B1E}.Debug|Any CPU.Build.0 = Debug|Any CPU
		{3E43DD99-794D-4B9B-B613-B8E9EF961B1E}.Release|Any CPU.ActiveCfg = Release|Any CPU
		{3E43DD99-794D-4B9B-B613-B8E9EF961B1E}.Release|Any CPU.Build.0 = Release|Any CPU
	EndGlobalSection
	GlobalSection(SolutionProperties) = preSolution
		HideSolutionNode = FALSE
	EndGlobalSection
EndGlobal
